
Microsoft Visual Studio Solution File, Format Version 12.00
# Visual Studio Version 16
VisualStudioVersion = 16.0.29926.136
MinimumVisualStudioVersion = 10.0.40219.1
Project("{FAE04EC0-301F-11D3-BF4B-00C04F79EFBC}") = "FoodApi", "FoodApi.csproj", "{36078597-A616-4960-89FF-B916E4EE87BD}"
EndProject
Global
	GlobalSection(SolutionConfigurationPlatforms) = preSolution
		Debug|Any CPU = Debug|Any CPU
		Release|Any CPU = Release|Any CPU
	EndGlobalSection
	GlobalSection(ProjectConfigurationPlatforms) = postSolution
		{36078597-A616-4960-89FF-B916E4EE87BD}.Debug|Any CPU.ActiveCfg = Debug|Any CPU
		{36078597-A616-4960-89FF-B916E4EE87BD}.Debug|Any CPU.Build.0 = Debug|Any CPU
		{36078597-A616-4960-89FF-B916E4EE87BD}.Release|Any CPU.ActiveCfg = Release|Any CPU
		{36078597-A616-4960-89FF-B916E4EE87BD}.Release|Any CPU.Build.0 = Release|Any CPU
	EndGlobalSection
	GlobalSection(SolutionProperties) = preSolution
		HideSolutionNode = FALSE
	EndGlobalSection
	GlobalSection(ExtensibilityGlobals) = postSolution
		SolutionGuid = {1DD85389-D723-4DA4-8EAD-24F4D4754AA6}
	EndGlobalSection
EndGlobal
